
Microsoft Visual Studio Solution File, Format Version 12.00
# Visual Studio Version 17
VisualStudioVersion = 17.2.32210.308
MinimumVisualStudioVersion = 10.0.40219.1
Project("{9A19103F-16F7-4668-BE54-9A1E7A4F7556}") = "izolabella.Kacena.REST", "izolabella.Kacena.REST.csproj", "{EB7F682D-B1C2-405C-9B27-9E77C6D12590}"
EndProject
Global
	GlobalSection(SolutionConfigurationPlatforms) = preSolution
		Debug|Any CPU = Debug|Any CPU
		Release|Any CPU = Release|Any CPU
	EndGlobalSection
	GlobalSection(ProjectConfigurationPlatforms) = postSolution
		{EB7F682D-B1C2-405C-9B27-9E77C6D12590}.Debug|Any CPU.ActiveCfg = Debug|Any CPU
		{EB7F682D-B1C2-405C-9B27-9E77C6D12590}.Debug|Any CPU.Build.0 = Debug|Any CPU
		{EB7F682D-B1C2-405C-9B27-9E77C6D12590}.Release|Any CPU.ActiveCfg = Release|Any CPU
		{EB7F682D-B1C2-405C-9B27-9E77C6D12590}.Release|Any CPU.Build.0 = Release|Any CPU
	EndGlobalSection
	GlobalSection(SolutionProperties) = preSolution
		HideSolutionNode = FALSE
	EndGlobalSection
	GlobalSection(ExtensibilityGlobals) = postSolution
		SolutionGuid = {E6F43FE0-092B-41BB-908B-7452E110D4E5}
	EndGlobalSection
EndGlobal
